
Microsoft Visual Studio Solution File, Format Version 12.00
# Visual Studio Version 17
VisualStudioVersion = 17.0.32014.148
MinimumVisualStudioVersion = 10.0.40219.1
Project("{FAE04EC0-301F-11D3-BF4B-00C04F79EFBC}") = "MapCreator", "MapCreator.csproj", "{91A35D49-B337-4148-80BB-CA27607C7987}"
EndProject
Project("{FAE04EC0-301F-11D3-BF4B-00C04F79EFBC}") = "MapEngines", "..\MapEngines.dll\MapEngines.csproj", "{54892C8E-001B-45AE-AE25-0A4DFB5044AE}"
EndProject
Global
	GlobalSection(SolutionConfigurationPlatforms) = preSolution
		Debug|Any CPU = Debug|Any CPU
		Release|Any CPU = Release|Any CPU
	EndGlobalSection
	GlobalSection(ProjectConfigurationPlatforms) = postSolution
		{91A35D49-B337-4148-80BB-CA27607C7987}.Debug|Any CPU.ActiveCfg = Debug|Any CPU
		{91A35D49-B337-4148-80BB-CA27607C7987}.Debug|Any CPU.Build.0 = Debug|Any CPU
		{91A35D49-B337-4148-80BB-CA27607C7987}.Release|Any CPU.ActiveCfg = Release|Any CPU
		{91A35D49-B337-4148-80BB-CA27607C7987}.Release|Any CPU.Build.0 = Release|Any CPU
		{54892C8E-001B-45AE-AE25-0A4DFB5044AE}.Debug|Any CPU.ActiveCfg = Debug|Any CPU
		{54892C8E-001B-45AE-AE25-0A4DFB5044AE}.Debug|Any CPU.Build.0 = Debug|Any CPU
		{54892C8E-001B-45AE-AE25-0A4DFB5044AE}.Release|Any CPU.ActiveCfg = Release|Any CPU
		{54892C8E-001B-45AE-AE25-0A4DFB5044AE}.Release|Any CPU.Build.0 = Release|Any CPU
	EndGlobalSection
	GlobalSection(SolutionProperties) = preSolution
		HideSolutionNode = FALSE
	EndGlobalSection
	GlobalSection(ExtensibilityGlobals) = postSolution
		SolutionGuid = {E690F800-C718-44E5-BA84-21970124D472}
	EndGlobalSection
EndGlobal
